
COCOAPODS: 0.16.4

DEPENDENCIES: 
- AFNetworking (> 1.0)
- AJNotificationView (= 0.7)
- AKTabBarController (~> 1.0.1)
- ARCMacro (= 1.1)
- BCGenieEffect (= 1.0)
- Color-Picker-for-iOS (= 0.1.1)
- ColorPopover (= 0.0.1)
- DDProgressView (= 0.1)
- EDColor (= 0.2.0)
- EGOTableViewPullRefresh (= 0.1.0)
- Facebook-iOS-SDK (= 3.1.1)
- GoogleAnalytics-iOS-SDK (= 2.0beta4)
- HPGrowingTextView (= 0.0.1)
- InAppSettingsKit (= 1.0)
- KGNoise
- KGStatusBar (= 1.0)
- KLNoteViewController (= 0.0.1)
- LKbadgeView (= 1.1.0)
- MBProgressHUD (= 0.6)
- MCSwipeTableViewCell (= 1.0.0)
- MFSideMenu (= 0.4.1)
- MGBox (= 0.0.1)
- MGBox2 (= 2.0.0)
- MLPSpotlight (= 1.2)
- NoticeView (= 3.0.3)
- ODRefreshControl (= 1.1.0)
- REMenu (= 1.2.4)
- Reachability (= 3.1.0)
- SDWebImage (= 3.1)
- SVProgressHUD (= 0.9)
- SVSegmentedControl (= 0.1)
- TMQuiltView (= 0.0.1)
- TTTAttributedLabel (= 1.5.1)
- UIGlossyButton (= 0.0.7)
- UIMenuItem-CXAImageSupport (= 0.0.1)
- WEPopover (= 0.0.1)
- ZGParallelView (= 0.1.5)
- iCarousel (= 1.7.4)

PODS: 
- AFNetworking (1.1.0)
- AJNotificationView (0.7)
- AKTabBarController (1.0.1)
- ARCMacro (1.1)
- BCGenieEffect (1.0)
- Color-Picker-for-iOS (0.1.1)
- ColorPopover (0.0.1): 
  - WEPopover (~> 0.0.1)
- DDProgressView (0.1)
- EDColor (0.2.0)
- EGOTableViewPullRefresh (0.1.0)
- Facebook-iOS-SDK (3.1.1)
- GoogleAnalytics-iOS-SDK (2.0beta4)
- HPGrowingTextView (0.0.1)
- InAppSettingsKit (1.0)
- KGNoise (1.1.0)
- KGStatusBar (1.0)
- KLNoteViewController (0.0.1)
- LKbadgeView (1.1.0)
- MBProgressHUD (0.6)
- MCSwipeTableViewCell (1.0.0)
- MFSideMenu (0.4.1)
- MGBox (0.0.1)
- MGBox2 (2.0.0)
- MLPSpotlight (1.2)
- NoticeView (3.0.3)
- ODRefreshControl (1.1.0)
- REMenu (1.2.4)
- Reachability (3.1.0)
- SDWebImage (3.1): 
  - SDWebImage/Main (= 3.1)
- SDWebImage/Main (3.1)
- SVProgressHUD (0.9)
- SVSegmentedControl (0.1)
- TMQuiltView (0.0.1)
- TTTAttributedLabel (1.5.1)
- UIGlossyButton (0.0.7): 
  - UIGlossyButton/Core (= 0.0.7)
  - UIGlossyButton/LayerEffects (= 0.0.7)
- UIGlossyButton/Core (0.0.7)
- UIGlossyButton/LayerEffects (0.0.7)
- UIMenuItem-CXAImageSupport (0.0.1)
- WEPopover (0.0.1)
- ZGParallelView (0.1.5)
- iCarousel (1.7.4)

SPEC CHECKSUMS: 
  UIGlossyButton: ac45013a4cf79d80dd3a2c137f4d36baf7058b17
  NoticeView: 1fa3bb0a88d4995e04ca4894213dc25105a60153
  EGOTableViewPullRefresh: 6ba637ce6dd3186b503d2d91e6b3a08a26d650f5
  Color-Picker-for-iOS: 7859a5b63273f630fa5206eaa5a16e5a00782ed7
  ARCMacro: 269ea3898ad83207e0770dc623106210362f036c
  ZGParallelView: 54602683323ecaace9229249de2ed6358e15881c
  UIMenuItem-CXAImageSupport: 09d3d6425ea9def76869e2259e9332a98deecf89
  InAppSettingsKit: 8d5ae557a5890ca48c6e2085d6301194e4e2b48a
  Facebook-iOS-SDK: 5fc068ebfd8c8c9b0fad476bc36dbbf1fffeebc8
  ColorPopover: d808e3c8f19a0ffb635535e03bdf709def3129f2
  iCarousel: 7f260b9f829005bb32d72ad19376a2a32ae3e418
  UIGlossyButton/LayerEffects: ac45013a4cf79d80dd3a2c137f4d36baf7058b17
  SDWebImage: 9e70e5dd0c69d1a043180cd2c5e1d0cd1e4ebcd7
  MBProgressHUD: 9b55a90566fb5d07df0602f6fd9fa04510ad5d52
  KGNoise: 8ebc646c982cf468f01b4789e4ab1cf849eb413d
  KGStatusBar: e47f19745f6aeb0fabe37e8360df26bf87b1e2ff
  Reachability: ba94ecd4eaa037be3d0588b38956672588530c5b
  MGBox2: 7c09e36c2271f9af16fdb5141a0ca554ecee4d8d
  MFSideMenu: fb75eaacf2d48350ec2d3f508d6f6e465db0c8b9
  GoogleAnalytics-iOS-SDK: 5b5063f5bdc99bc093a652f590f572b4550c1862
  BCGenieEffect: bc00729f71206c7fbcaed5c90215f957dbd786b1
  DDProgressView: 6dd7fa77900e3dc140b816dddc5616382c124b54
  AKTabBarController: d3876684504512be83b90b5eabefce3853af043f
  AFNetworking: 761a418233d280c1e0580bcb76ff9cb4c3073d17
  SVSegmentedControl: b3aaea66a4a6ea16738ed991f0fc92b95d2c5e5a
  MCSwipeTableViewCell: 3779b743bf5fa5a73f4f9e6eb0ddc907bffb829f
  LKbadgeView: 484f871824ac2e132878bd866449d221640590dc
  KLNoteViewController: 06641430888757859c2844b57c618208ea643df4
  ODRefreshControl: 886e323a7c25114b9e5c397a9eefbebc034224a9
  MLPSpotlight: 5849d61d603394d94094052dd5aa55dc7a2e7737
  HPGrowingTextView: 42fee2f684a8c98e61bc19579d274d7fc12b48ca
  EDColor: ed4dec30508a1443971ba4148ed2ba9fdde45bc5
  AJNotificationView: 2d69a3105d6f604e041bac46bbe1525650ee74b9
  TTTAttributedLabel: eb8f56ef4fb59e0d1422ca61c6d14ef51e2ef209
  TMQuiltView: 520d09d6a98f1a6aa75ed92a91123ecc79bab62c
  MGBox: 0a23444f3eff2da8ca538df21837ff5754ffc6b4
  WEPopover: 119fe521e9c35069c5ec63dfc14334ca321275b8
  UIGlossyButton/Core: ac45013a4cf79d80dd3a2c137f4d36baf7058b17
  SVProgressHUD: 98935fbafaf0031df4a9cafca3c66eaf3da06967
  SDWebImage/Main: 9e70e5dd0c69d1a043180cd2c5e1d0cd1e4ebcd7
  REMenu: 21a0090837b10547f7d32626a068762574321ffa
